
Microsoft Visual Studio Solution File, Format Version 12.00
# Visual Studio Version 16
VisualStudioVersion = 16.0.32929.386
MinimumVisualStudioVersion = 10.0.40219.1
Project("{FAE04EC0-301F-11D3-BF4B-00C04F79EFBC}") = "TableroDamas", "TableroDamas\TableroDamas.csproj", "{49CF2031-C2C7-4198-8A5A-0FB5F3ED44B9}"
EndProject
Global
	GlobalSection(SolutionConfigurationPlatforms) = preSolution
		Debug|Any CPU = Debug|Any CPU
		Release|Any CPU = Release|Any CPU
	EndGlobalSection
	GlobalSection(ProjectConfigurationPlatforms) = postSolution
		{49CF2031-C2C7-4198-8A5A-0FB5F3ED44B9}.Debug|Any CPU.ActiveCfg = Debug|Any CPU
		{49CF2031-C2C7-4198-8A5A-0FB5F3ED44B9}.Debug|Any CPU.Build.0 = Debug|Any CPU
		{49CF2031-C2C7-4198-8A5A-0FB5F3ED44B9}.Release|Any CPU.ActiveCfg = Release|Any CPU
		{49CF2031-C2C7-4198-8A5A-0FB5F3ED44B9}.Release|Any CPU.Build.0 = Release|Any CPU
	EndGlobalSection
	GlobalSection(SolutionProperties) = preSolution
		HideSolutionNode = FALSE
	EndGlobalSection
	GlobalSection(ExtensibilityGlobals) = postSolution
		SolutionGuid = {D1723D14-9072-4294-A386-9E72EB669FB4}
	EndGlobalSection
EndGlobal
